
Microsoft Visual Studio Solution File, Format Version 12.00
# Visual Studio 15
VisualStudioVersion = 15.0.28010.2036
MinimumVisualStudioVersion = 10.0.40219.1
Project("{FAE04EC0-301F-11D3-BF4B-00C04F79EFBC}") = "BooleanExample", "BooleanExample\BooleanExample.csproj", "{D4EE63E4-D89D-4619-941A-AD830D357973}"
EndProject
Global
	GlobalSection(SolutionConfigurationPlatforms) = preSolution
		Debug|Any CPU = Debug|Any CPU
		Release|Any CPU = Release|Any CPU
	EndGlobalSection
	GlobalSection(ProjectConfigurationPlatforms) = postSolution
		{D4EE63E4-D89D-4619-941A-AD830D357973}.Debug|Any CPU.ActiveCfg = Debug|Any CPU
		{D4EE63E4-D89D-4619-941A-AD830D357973}.Debug|Any CPU.Build.0 = Debug|Any CPU
		{D4EE63E4-D89D-4619-941A-AD830D357973}.Release|Any CPU.ActiveCfg = Release|Any CPU
		{D4EE63E4-D89D-4619-941A-AD830D357973}.Release|Any CPU.Build.0 = Release|Any CPU
	EndGlobalSection
	GlobalSection(SolutionProperties) = preSolution
		HideSolutionNode = FALSE
	EndGlobalSection
	GlobalSection(ExtensibilityGlobals) = postSolution
		SolutionGuid = {CF304E11-9913-40C7-B10E-CAB2AC699C04}
	EndGlobalSection
EndGlobal
