
Microsoft Visual Studio Solution File, Format Version 12.00
# Visual Studio 15
VisualStudioVersion = 15.0.28010.2036
MinimumVisualStudioVersion = 10.0.40219.1
Project("{FAE04EC0-301F-11D3-BF4B-00C04F79EFBC}") = "CustomExceptions", "CustomExceptions\CustomExceptions.csproj", "{B1406672-A12F-455E-914E-AC8DC472B69A}"
EndProject
Global
	GlobalSection(SolutionConfigurationPlatforms) = preSolution
		Debug|Any CPU = Debug|Any CPU
		Release|Any CPU = Release|Any CPU
	EndGlobalSection
	GlobalSection(ProjectConfigurationPlatforms) = postSolution
		{B1406672-A12F-455E-914E-AC8DC472B69A}.Debug|Any CPU.ActiveCfg = Debug|Any CPU
		{B1406672-A12F-455E-914E-AC8DC472B69A}.Debug|Any CPU.Build.0 = Debug|Any CPU
		{B1406672-A12F-455E-914E-AC8DC472B69A}.Release|Any CPU.ActiveCfg = Release|Any CPU
		{B1406672-A12F-455E-914E-AC8DC472B69A}.Release|Any CPU.Build.0 = Release|Any CPU
	EndGlobalSection
	GlobalSection(SolutionProperties) = preSolution
		HideSolutionNode = FALSE
	EndGlobalSection
	GlobalSection(ExtensibilityGlobals) = postSolution
		SolutionGuid = {34F8B07C-C05D-4E6C-8F1E-DE970458E7C4}
	EndGlobalSection
EndGlobal
