
Microsoft Visual Studio Solution File, Format Version 12.00
# Visual Studio 15
VisualStudioVersion = 15.0.28010.2036
MinimumVisualStudioVersion = 10.0.40219.1
Project("{FAE04EC0-301F-11D3-BF4B-00C04F79EFBC}") = "AbstractClass", "AbstractClass\AbstractClass.csproj", "{C8188E4B-8F30-4045-9ED8-386F226532EF}"
EndProject
Global
	GlobalSection(SolutionConfigurationPlatforms) = preSolution
		Debug|Any CPU = Debug|Any CPU
		Release|Any CPU = Release|Any CPU
	EndGlobalSection
	GlobalSection(ProjectConfigurationPlatforms) = postSolution
		{C8188E4B-8F30-4045-9ED8-386F226532EF}.Debug|Any CPU.ActiveCfg = Debug|Any CPU
		{C8188E4B-8F30-4045-9ED8-386F226532EF}.Debug|Any CPU.Build.0 = Debug|Any CPU
		{C8188E4B-8F30-4045-9ED8-386F226532EF}.Release|Any CPU.ActiveCfg = Release|Any CPU
		{C8188E4B-8F30-4045-9ED8-386F226532EF}.Release|Any CPU.Build.0 = Release|Any CPU
	EndGlobalSection
	GlobalSection(SolutionProperties) = preSolution
		HideSolutionNode = FALSE
	EndGlobalSection
	GlobalSection(ExtensibilityGlobals) = postSolution
		SolutionGuid = {B0A106BE-F0E1-4E4C-A6A8-17EE1F38C682}
	EndGlobalSection
EndGlobal
